{
  "nodes": {
    "flake-utils": {
      "inputs": {
        "systems": "systems"
      },
      "locked": {
        "lastModified": 1701680307,
        "narHash": "sha256-kAuep2h5ajznlPMD9rnQyffWG8EM/C73lejGofXvdM8=",
        "owner": "numtide",
        "repo": "flake-utils",
        "rev": "4022d587cbbfd70fe950c1e2083a02621806a725",
        "type": "github"
      },
      "original": {
        "owner": "numtide",
        "repo": "flake-utils",
        "type": "github"
      }
    },
    "jetpack-nixos": {
      "inputs": {
        "nixpkgs": [
          "nixpkgs"
        ]
      },
      "locked": {
        "lastModified": 1701118984,
        "narHash": "sha256-quhbx5aQu0RfbWnMVaicp6sHvhPHa0WE/K0QHh7MuLI=",
        "owner": "anduril",
        "repo": "jetpack-nixos",
        "rev": "3ce210c4aee36143a4e40de66ea43cc10d314477",
        "type": "github"
      },
      "original": {
        "owner": "anduril",
        "repo": "jetpack-nixos",
        "type": "github"
      }
    },
    "microvm": {
      "inputs": {
        "flake-utils": [
          "flake-utils"
        ],
        "nixpkgs": [
          "nixpkgs"
        ]
      },
      "locked": {
        "lastModified": 1701202812,
        "narHash": "sha256-ym/Rd4tR4i2d1WdPNKaeeIz/UoyfnCe5UBZbUl1M0PM=",
        "owner": "astro",
        "repo": "microvm.nix",
        "rev": "89bb7a5230a4820736a43e058c8d2a2c560d672b",
        "type": "github"
      },
      "original": {
        "owner": "astro",
        "repo": "microvm.nix",
        "type": "github"
      }
    },
    "nixlib": {
      "locked": {
        "lastModified": 1693701915,
        "narHash": "sha256-waHPLdDYUOHSEtMKKabcKIMhlUOHPOOPQ9UyFeEoovs=",
        "owner": "nix-community",
        "repo": "nixpkgs.lib",
        "rev": "f5af57d3ef9947a70ac86e42695231ac1ad00c25",
        "type": "github"
      },
      "original": {
        "owner": "nix-community",
        "repo": "nixpkgs.lib",
        "type": "github"
      }
    },
    "nixos-generators": {
      "inputs": {
        "nixlib": "nixlib",
        "nixpkgs": [
          "nixpkgs"
        ]
      },
      "locked": {
        "lastModified": 1701689616,
        "narHash": "sha256-ewnfgvRy73HoP5KnYmy1Rcr4m4yShvsb6TCCaKoW8pc=",
        "owner": "nix-community",
        "repo": "nixos-generators",
        "rev": "246219bc21b943c6f6812bb7744218ba0df08600",
        "type": "github"
      },
      "original": {
        "owner": "nix-community",
        "repo": "nixos-generators",
        "type": "github"
      }
    },
    "nixos-hardware": {
      "locked": {
        "lastModified": 1701656485,
        "narHash": "sha256-xDFormrGCKKGqngHa2Bz1GTeKlFMMjLnHhTDRdMJ1hs=",
        "owner": "NixOS",
        "repo": "nixos-hardware",
        "rev": "fa194fc484fd7270ab324bb985593f71102e84d1",
        "type": "github"
      },
      "original": {
        "owner": "NixOS",
        "repo": "nixos-hardware",
        "type": "github"
      }
    },
    "nixpkgs": {
      "locked": {
        "lastModified": 1701615100,
        "narHash": "sha256-1HXOPenfCdhtT+3WJa8hrbt9NCjjJ3AM34kReV54exs=",
        "type": "git",
        "url": "file:///workspace/ghaf-playground/nixpkgs"
      },
      "original": {
        "type": "git",
        "url": "file:///workspace/ghaf-playground/nixpkgs"
      }
    },
    "root": {
      "inputs": {
        "flake-utils": "flake-utils",
        "jetpack-nixos": "jetpack-nixos",
        "microvm": "microvm",
        "nixos-generators": "nixos-generators",
        "nixos-hardware": "nixos-hardware",
        "nixpkgs": "nixpkgs"
      }
    },
    "systems": {
      "locked": {
        "lastModified": 1681028828,
        "narHash": "sha256-Vy1rq5AaRuLzOxct8nz4T6wlgyUR7zLU309k9mBC768=",
        "owner": "nix-systems",
        "repo": "default",
        "rev": "da67096a3b9bf56a91d16901293e51ba5b49a27e",
        "type": "github"
      },
      "original": {
        "owner": "nix-systems",
        "repo": "default",
        "type": "github"
      }
    }
  },
  "root": "root",
  "version": 7
}
